// !$*UTF8*$!
{
	archiveVersion = 1;
	classes = {
	};
	objectVersion = 54;
	objects = {

/* Begin PBXBuildFile section */
		A6134B80245C09FC00E5F0FB /* DataModel.swift in Sources */ = {isa = PBXBuildFile; fileRef = A6134B7F245C09FC00E5F0FB /* DataModel.swift */; };
		A62EEAF2273248A300D513B8 /* PiecesOfPaperApp.swift in Sources */ = {isa = PBXBuildFile; fileRef = A62EEAF1273248A300D513B8 /* PiecesOfPaperApp.swift */; };
		A62EEAF42732517600D513B8 /* NoteViewModel.swift in Sources */ = {isa = PBXBuildFile; fileRef = A62EEAF32732517600D513B8 /* NoteViewModel.swift */; };
		A63C956D275C7CF300822461 /* TagEntity.swift in Sources */ = {isa = PBXBuildFile; fileRef = A63C956C275C7CF300822461 /* TagEntity.swift */; };
		A63C9578275C8F4A00822461 /* TagList.swift in Sources */ = {isa = PBXBuildFile; fileRef = A63C9577275C8F4A00822461 /* TagList.swift */; };
		A63C957C275C8FD900822461 /* TagListViewModel.swift in Sources */ = {isa = PBXBuildFile; fileRef = A63C957B275C8FD900822461 /* TagListViewModel.swift */; };
		A63C9580275CFF7900822461 /* TagModel.swift in Sources */ = {isa = PBXBuildFile; fileRef = A63C957F275CFF7900822461 /* TagModel.swift */; };
		A63C9582275D1C2E00822461 /* TagHStack.swift in Sources */ = {isa = PBXBuildFile; fileRef = A63C9581275D1C2E00822461 /* TagHStack.swift */; };
		A63C9584275DB67700822461 /* Tag.swift in Sources */ = {isa = PBXBuildFile; fileRef = A63C9583275DB67700822461 /* Tag.swift */; };
		A63C9586275DB86600822461 /* AddTagView.swift in Sources */ = {isa = PBXBuildFile; fileRef = A63C9585275DB86600822461 /* AddTagView.swift */; };
		A63C9588275DB97900822461 /* DeletableTag.swift in Sources */ = {isa = PBXBuildFile; fileRef = A63C9587275DB97900822461 /* DeletableTag.swift */; };
		A63C958A275DDA9E00822461 /* TagListToNoteViewModel.swift in Sources */ = {isa = PBXBuildFile; fileRef = A63C9589275DDA9E00822461 /* TagListToNoteViewModel.swift */; };
		A63C9590275E111500822461 /* AddTagFooter.swift in Sources */ = {isa = PBXBuildFile; fileRef = A63C958F275E111500822461 /* AddTagFooter.swift */; };
		A63C9593276444CF00822461 /* ListOrder.swift in Sources */ = {isa = PBXBuildFile; fileRef = A63C9592276444CF00822461 /* ListOrder.swift */; };
		A63C9595276447BD00822461 /* ListOrderSettingView.swift in Sources */ = {isa = PBXBuildFile; fileRef = A63C9594276447BD00822461 /* ListOrderSettingView.swift */; };
		A63C95972764589F00822461 /* ListOrderSettingViewModel.swift in Sources */ = {isa = PBXBuildFile; fileRef = A63C95962764589F00822461 /* ListOrderSettingViewModel.swift */; };
		A63C959B2765A5D500822461 /* NoteInformationView.swift in Sources */ = {isa = PBXBuildFile; fileRef = A63C959A2765A5D500822461 /* NoteInformationView.swift */; };
		A6484FCE272B923B00676ED8 /* CanvasView.swift in Sources */ = {isa = PBXBuildFile; fileRef = A6484FCD272B923B00676ED8 /* CanvasView.swift */; };
		A6484FD2272BB5CA00676ED8 /* PKCanvasViewWrapper.swift in Sources */ = {isa = PBXBuildFile; fileRef = A6484FD1272BB5CA00676ED8 /* PKCanvasViewWrapper.swift */; };
		A6484FD4272CF10800676ED8 /* UIActivityViewControllerWrapper.swift in Sources */ = {isa = PBXBuildFile; fileRef = A6484FD3272CF10800676ED8 /* UIActivityViewControllerWrapper.swift */; };
		A6484FD6272E63B000676ED8 /* NoteListView.swift in Sources */ = {isa = PBXBuildFile; fileRef = A6484FD5272E63B000676ED8 /* NoteListView.swift */; };
		A64AE9F22759A963002C66F7 /* NoteView.swift in Sources */ = {isa = PBXBuildFile; fileRef = A64AE9F12759A963002C66F7 /* NoteView.swift */; };
		A64AE9F4275B203A002C66F7 /* NoteEntity.swift in Sources */ = {isa = PBXBuildFile; fileRef = A64AE9F3275B203A002C66F7 /* NoteEntity.swift */; };
		A64F971C2751CB68001E46B0 /* DrawingsPlistConverter.swift in Sources */ = {isa = PBXBuildFile; fileRef = A64F971B2751CB68001E46B0 /* DrawingsPlistConverter.swift */; };
		A66205682841E1A1009562EC /* NotesViewModelTest.swift in Sources */ = {isa = PBXBuildFile; fileRef = A66205672841E1A1009562EC /* NotesViewModelTest.swift */; };
		A6620E2C2748ABE400C708A2 /* CanvasViewModel.swift in Sources */ = {isa = PBXBuildFile; fileRef = A6620E2B2748ABE400C708A2 /* CanvasViewModel.swift */; };
		A6620E2E274C6E8E00C708A2 /* SideBarListView.swift in Sources */ = {isa = PBXBuildFile; fileRef = A6620E2D274C6E8E00C708A2 /* SideBarListView.swift */; };
		A6620E34274C774D00C708A2 /* ScrollButton.swift in Sources */ = {isa = PBXBuildFile; fileRef = A6620E33274C774D00C708A2 /* ScrollButton.swift */; };
		A6620E36274C7A3D00C708A2 /* NoteListParentView.swift in Sources */ = {isa = PBXBuildFile; fileRef = A6620E35274C7A3D00C708A2 /* NoteListParentView.swift */; };
		A6620E3A274C8FA400C708A2 /* NoteDocument.swift in Sources */ = {isa = PBXBuildFile; fileRef = A6620E39274C8FA400C708A2 /* NoteDocument.swift */; };
		A6620E3C274CD88000C708A2 /* FilePath.swift in Sources */ = {isa = PBXBuildFile; fileRef = A6620E3B274CD88000C708A2 /* FilePath.swift */; };
		A6C8DD072D3CC1E300D7D32F /* ListOrderStore.swift in Sources */ = {isa = PBXBuildFile; fileRef = A6C8DD062D3CC1E300D7D32F /* ListOrderStore.swift */; };
		A6C8DD092D3CEE5400D7D32F /* Notification+.swift in Sources */ = {isa = PBXBuildFile; fileRef = A6C8DD082D3CEE5400D7D32F /* Notification+.swift */; };
		A6CADA51276752E600657E9E /* SettingView.swift in Sources */ = {isa = PBXBuildFile; fileRef = A6CADA50276752E600657E9E /* SettingView.swift */; };
		A6CADA532767581700657E9E /* SettingViewModel.swift in Sources */ = {isa = PBXBuildFile; fileRef = A6CADA522767581700657E9E /* SettingViewModel.swift */; };
		A6CADA5527675D8500657E9E /* UserPreference.swift in Sources */ = {isa = PBXBuildFile; fileRef = A6CADA5427675D8500657E9E /* UserPreference.swift */; };
		A6DE5BC42437167E006D3D47 /* Assets.xcassets in Resources */ = {isa = PBXBuildFile; fileRef = A6DE5BC32437167E006D3D47 /* Assets.xcassets */; };
		A6EE43272523271F000B203E /* Document.swift in Sources */ = {isa = PBXBuildFile; fileRef = A6EE43262523271F000B203E /* Document.swift */; };
		A6F6ED4B27C77A7500DD3296 /* RootView.swift in Sources */ = {isa = PBXBuildFile; fileRef = A6F6ED4A27C77A7500DD3296 /* RootView.swift */; };
		A6FD03422D3FAD8600224B03 /* NoteListTagHStack.swift in Sources */ = {isa = PBXBuildFile; fileRef = A6FD03412D3FAD8600224B03 /* NoteListTagHStack.swift */; };
/* End PBXBuildFile section */

/* Begin PBXContainerItemProxy section */
		A6A16EC725B1673500DF323F /* PBXContainerItemProxy */ = {
			isa = PBXContainerItemProxy;
			containerPortal = A6DE5BAF2437167C006D3D47 /* Project object */;
			proxyType = 1;
			remoteGlobalIDString = A6DE5BB62437167C006D3D47;
			remoteInfo = PiecesOfPaper;
		};
/* End PBXContainerItemProxy section */

/* Begin PBXFileReference section */
		A6134B7F245C09FC00E5F0FB /* DataModel.swift */ = {isa = PBXFileReference; lastKnownFileType = sourcecode.swift; path = DataModel.swift; sourceTree = "<group>"; };
		A62EEAF1273248A300D513B8 /* PiecesOfPaperApp.swift */ = {isa = PBXFileReference; lastKnownFileType = sourcecode.swift; path = PiecesOfPaperApp.swift; sourceTree = "<group>"; };
		A62EEAF32732517600D513B8 /* NoteViewModel.swift */ = {isa = PBXFileReference; lastKnownFileType = sourcecode.swift; path = NoteViewModel.swift; sourceTree = "<group>"; };
		A63C956C275C7CF300822461 /* TagEntity.swift */ = {isa = PBXFileReference; lastKnownFileType = sourcecode.swift; path = TagEntity.swift; sourceTree = "<group>"; };
		A63C9577275C8F4A00822461 /* TagList.swift */ = {isa = PBXFileReference; lastKnownFileType = sourcecode.swift; path = TagList.swift; sourceTree = "<group>"; };
		A63C957B275C8FD900822461 /* TagListViewModel.swift */ = {isa = PBXFileReference; lastKnownFileType = sourcecode.swift; path = TagListViewModel.swift; sourceTree = "<group>"; };
		A63C957F275CFF7900822461 /* TagModel.swift */ = {isa = PBXFileReference; lastKnownFileType = sourcecode.swift; path = TagModel.swift; sourceTree = "<group>"; };
		A63C9581275D1C2E00822461 /* TagHStack.swift */ = {isa = PBXFileReference; lastKnownFileType = sourcecode.swift; path = TagHStack.swift; sourceTree = "<group>"; };
		A63C9583275DB67700822461 /* Tag.swift */ = {isa = PBXFileReference; lastKnownFileType = sourcecode.swift; path = Tag.swift; sourceTree = "<group>"; };
		A63C9585275DB86600822461 /* AddTagView.swift */ = {isa = PBXFileReference; fileEncoding = 4; lastKnownFileType = sourcecode.swift; path = AddTagView.swift; sourceTree = "<group>"; };
		A63C9587275DB97900822461 /* DeletableTag.swift */ = {isa = PBXFileReference; lastKnownFileType = sourcecode.swift; path = DeletableTag.swift; sourceTree = "<group>"; };
		A63C9589275DDA9E00822461 /* TagListToNoteViewModel.swift */ = {isa = PBXFileReference; lastKnownFileType = sourcecode.swift; path = TagListToNoteViewModel.swift; sourceTree = "<group>"; };
		A63C958F275E111500822461 /* AddTagFooter.swift */ = {isa = PBXFileReference; lastKnownFileType = sourcecode.swift; path = AddTagFooter.swift; sourceTree = "<group>"; };
		A63C9592276444CF00822461 /* ListOrder.swift */ = {isa = PBXFileReference; lastKnownFileType = sourcecode.swift; path = ListOrder.swift; sourceTree = "<group>"; };
		A63C9594276447BD00822461 /* ListOrderSettingView.swift */ = {isa = PBXFileReference; lastKnownFileType = sourcecode.swift; path = ListOrderSettingView.swift; sourceTree = "<group>"; };
		A63C95962764589F00822461 /* ListOrderSettingViewModel.swift */ = {isa = PBXFileReference; lastKnownFileType = sourcecode.swift; path = ListOrderSettingViewModel.swift; sourceTree = "<group>"; };
		A63C959A2765A5D500822461 /* NoteInformationView.swift */ = {isa = PBXFileReference; lastKnownFileType = sourcecode.swift; path = NoteInformationView.swift; sourceTree = "<group>"; };
		A6484FCD272B923B00676ED8 /* CanvasView.swift */ = {isa = PBXFileReference; lastKnownFileType = sourcecode.swift; path = CanvasView.swift; sourceTree = "<group>"; };
		A6484FD1272BB5CA00676ED8 /* PKCanvasViewWrapper.swift */ = {isa = PBXFileReference; fileEncoding = 4; lastKnownFileType = sourcecode.swift; path = PKCanvasViewWrapper.swift; sourceTree = "<group>"; };
		A6484FD3272CF10800676ED8 /* UIActivityViewControllerWrapper.swift */ = {isa = PBXFileReference; lastKnownFileType = sourcecode.swift; path = UIActivityViewControllerWrapper.swift; sourceTree = "<group>"; };
		A6484FD5272E63B000676ED8 /* NoteListView.swift */ = {isa = PBXFileReference; lastKnownFileType = sourcecode.swift; path = NoteListView.swift; sourceTree = "<group>"; };
		A64AE9F12759A963002C66F7 /* NoteView.swift */ = {isa = PBXFileReference; lastKnownFileType = sourcecode.swift; path = NoteView.swift; sourceTree = "<group>"; };
		A64AE9F3275B203A002C66F7 /* NoteEntity.swift */ = {isa = PBXFileReference; lastKnownFileType = sourcecode.swift; path = NoteEntity.swift; sourceTree = "<group>"; };
		A64F971B2751CB68001E46B0 /* DrawingsPlistConverter.swift */ = {isa = PBXFileReference; lastKnownFileType = sourcecode.swift; path = DrawingsPlistConverter.swift; sourceTree = "<group>"; };
		A66205672841E1A1009562EC /* NotesViewModelTest.swift */ = {isa = PBXFileReference; lastKnownFileType = sourcecode.swift; path = NotesViewModelTest.swift; sourceTree = "<group>"; };
		A6620E2B2748ABE400C708A2 /* CanvasViewModel.swift */ = {isa = PBXFileReference; fileEncoding = 4; lastKnownFileType = sourcecode.swift; path = CanvasViewModel.swift; sourceTree = "<group>"; };
		A6620E2D274C6E8E00C708A2 /* SideBarListView.swift */ = {isa = PBXFileReference; fileEncoding = 4; lastKnownFileType = sourcecode.swift; path = SideBarListView.swift; sourceTree = "<group>"; };
		A6620E33274C774D00C708A2 /* ScrollButton.swift */ = {isa = PBXFileReference; lastKnownFileType = sourcecode.swift; path = ScrollButton.swift; sourceTree = "<group>"; };
		A6620E35274C7A3D00C708A2 /* NoteListParentView.swift */ = {isa = PBXFileReference; fileEncoding = 4; lastKnownFileType = sourcecode.swift; path = NoteListParentView.swift; sourceTree = "<group>"; };
		A6620E39274C8FA400C708A2 /* NoteDocument.swift */ = {isa = PBXFileReference; lastKnownFileType = sourcecode.swift; path = NoteDocument.swift; sourceTree = "<group>"; };
		A6620E3B274CD88000C708A2 /* FilePath.swift */ = {isa = PBXFileReference; lastKnownFileType = sourcecode.swift; path = FilePath.swift; sourceTree = "<group>"; };
		A6675A37251D89BA00343151 /* Like Paper.entitlements */ = {isa = PBXFileReference; lastKnownFileType = text.plist.entitlements; path = "Like Paper.entitlements"; sourceTree = "<group>"; };
		A66E7512253531440026B9A8 /* README.md */ = {isa = PBXFileReference; lastKnownFileType = net.daringfireball.markdown; path = README.md; sourceTree = "<group>"; };
		A66E7513253538E00026B9A8 /* LICENSE.md */ = {isa = PBXFileReference; lastKnownFileType = net.daringfireball.markdown; path = LICENSE.md; sourceTree = "<group>"; };
		A6A16EC225B1673500DF323F /* PiecesOfPaperTests.xctest */ = {isa = PBXFileReference; explicitFileType = wrapper.cfbundle; includeInIndex = 0; path = PiecesOfPaperTests.xctest; sourceTree = BUILT_PRODUCTS_DIR; };
		A6A16EC625B1673500DF323F /* Info.plist */ = {isa = PBXFileReference; lastKnownFileType = text.plist.xml; path = Info.plist; sourceTree = "<group>"; };
		A6C8DD062D3CC1E300D7D32F /* ListOrderStore.swift */ = {isa = PBXFileReference; lastKnownFileType = sourcecode.swift; path = ListOrderStore.swift; sourceTree = "<group>"; };
		A6C8DD082D3CEE5400D7D32F /* Notification+.swift */ = {isa = PBXFileReference; lastKnownFileType = sourcecode.swift; path = "Notification+.swift"; sourceTree = "<group>"; };
		A6CADA50276752E600657E9E /* SettingView.swift */ = {isa = PBXFileReference; lastKnownFileType = sourcecode.swift; path = SettingView.swift; sourceTree = "<group>"; };
		A6CADA522767581700657E9E /* SettingViewModel.swift */ = {isa = PBXFileReference; lastKnownFileType = sourcecode.swift; path = SettingViewModel.swift; sourceTree = "<group>"; };
		A6CADA5427675D8500657E9E /* UserPreference.swift */ = {isa = PBXFileReference; lastKnownFileType = sourcecode.swift; path = UserPreference.swift; sourceTree = "<group>"; };
		A6DE5BB72437167C006D3D47 /* Pieces of Paper.app */ = {isa = PBXFileReference; explicitFileType = wrapper.application; includeInIndex = 0; path = "Pieces of Paper.app"; sourceTree = BUILT_PRODUCTS_DIR; };
		A6DE5BC32437167E006D3D47 /* Assets.xcassets */ = {isa = PBXFileReference; lastKnownFileType = folder.assetcatalog; path = Assets.xcassets; sourceTree = "<group>"; };
		A6DE5BC82437167E006D3D47 /* Info.plist */ = {isa = PBXFileReference; lastKnownFileType = text.plist.xml; path = Info.plist; sourceTree = "<group>"; };
		A6EE43262523271F000B203E /* Document.swift */ = {isa = PBXFileReference; lastKnownFileType = sourcecode.swift; path = Document.swift; sourceTree = "<group>"; };
		A6F6ED4A27C77A7500DD3296 /* RootView.swift */ = {isa = PBXFileReference; lastKnownFileType = sourcecode.swift; path = RootView.swift; sourceTree = "<group>"; };
		A6FD03412D3FAD8600224B03 /* NoteListTagHStack.swift */ = {isa = PBXFileReference; fileEncoding = 4; lastKnownFileType = sourcecode.swift; path = NoteListTagHStack.swift; sourceTree = "<group>"; };
/* End PBXFileReference section */

/* Begin PBXFrameworksBuildPhase section */
		A6A16EBF25B1673500DF323F /* Frameworks */ = {
			isa = PBXFrameworksBuildPhase;
			buildActionMask = 2147483647;
			files = (
			);
			runOnlyForDeploymentPostprocessing = 0;
		};
		A6DE5BB42437167C006D3D47 /* Frameworks */ = {
			isa = PBXFrameworksBuildPhase;
			buildActionMask = 2147483647;
			files = (
			);
			runOnlyForDeploymentPostprocessing = 0;
		};
/* End PBXFrameworksBuildPhase section */

/* Begin PBXGroup section */
		A63C95912764435200822461 /* Deperecated */ = {
			isa = PBXGroup;
			children = (
				A6134B7F245C09FC00E5F0FB /* DataModel.swift */,
				A6EE43262523271F000B203E /* Document.swift */,
			);
			path = Deperecated;
			sourceTree = "<group>";
		};
		A6620E282748A01F00C708A2 /* View */ = {
			isa = PBXGroup;
			children = (
				A6743E682765B8310075F138 /* Canvas */,
				A6743E692765B8410075F138 /* NoteList */,
				A6743E6A2765B8660075F138 /* Tag */,
				A6CADA4F276752C600657E9E /* Setting */,
			);
			path = View;
			sourceTree = "<group>";
		};
		A6620E292748A04D00C708A2 /* ViewModel */ = {
			isa = PBXGroup;
			children = (
				A6620E2B2748ABE400C708A2 /* CanvasViewModel.swift */,
				A62EEAF32732517600D513B8 /* NoteViewModel.swift */,
				A6C8DD062D3CC1E300D7D32F /* ListOrderStore.swift */,
				A63C957B275C8FD900822461 /* TagListViewModel.swift */,
				A63C9589275DDA9E00822461 /* TagListToNoteViewModel.swift */,
				A63C95962764589F00822461 /* ListOrderSettingViewModel.swift */,
				A6CADA522767581700657E9E /* SettingViewModel.swift */,
			);
			path = ViewModel;
			sourceTree = "<group>";
		};
		A6620E2A2748A05B00C708A2 /* Model */ = {
			isa = PBXGroup;
			children = (
				A64F971B2751CB68001E46B0 /* DrawingsPlistConverter.swift */,
				A6C8DD082D3CEE5400D7D32F /* Notification+.swift */,
				A6620E3B274CD88000C708A2 /* FilePath.swift */,
				A63C9592276444CF00822461 /* ListOrder.swift */,
				A6620E39274C8FA400C708A2 /* NoteDocument.swift */,
				A64AE9F3275B203A002C66F7 /* NoteEntity.swift */,
				A63C957F275CFF7900822461 /* TagModel.swift */,
				A63C956C275C7CF300822461 /* TagEntity.swift */,
				A6CADA5427675D8500657E9E /* UserPreference.swift */,
				A63C95912764435200822461 /* Deperecated */,
			);
			path = Model;
			sourceTree = "<group>";
		};
		A6743E682765B8310075F138 /* Canvas */ = {
			isa = PBXGroup;
			children = (
				A6484FCD272B923B00676ED8 /* CanvasView.swift */,
				A6484FD1272BB5CA00676ED8 /* PKCanvasViewWrapper.swift */,
				A6484FD3272CF10800676ED8 /* UIActivityViewControllerWrapper.swift */,
				A63C959A2765A5D500822461 /* NoteInformationView.swift */,
			);
			path = Canvas;
			sourceTree = "<group>";
		};
		A6743E692765B8410075F138 /* NoteList */ = {
			isa = PBXGroup;
			children = (
				A6620E35274C7A3D00C708A2 /* NoteListParentView.swift */,
				A6484FD5272E63B000676ED8 /* NoteListView.swift */,
				A64AE9F12759A963002C66F7 /* NoteView.swift */,
				A6620E33274C774D00C708A2 /* ScrollButton.swift */,
				A63C9594276447BD00822461 /* ListOrderSettingView.swift */,
			);
			path = NoteList;
			sourceTree = "<group>";
		};
		A6743E6A2765B8660075F138 /* Tag */ = {
			isa = PBXGroup;
			children = (
				A63C9577275C8F4A00822461 /* TagList.swift */,
				A63C958F275E111500822461 /* AddTagFooter.swift */,
				A63C9585275DB86600822461 /* AddTagView.swift */,
				A63C9581275D1C2E00822461 /* TagHStack.swift */,
				A6FD03412D3FAD8600224B03 /* NoteListTagHStack.swift */,
				A63C9583275DB67700822461 /* Tag.swift */,
				A63C9587275DB97900822461 /* DeletableTag.swift */,
			);
			path = Tag;
			sourceTree = "<group>";
		};
		A6A16EC325B1673500DF323F /* PiecesOfPaperTests */ = {
			isa = PBXGroup;
			children = (
				A66205672841E1A1009562EC /* NotesViewModelTest.swift */,
				A6A16EC625B1673500DF323F /* Info.plist */,
			);
			path = PiecesOfPaperTests;
			sourceTree = "<group>";
		};
		A6CADA4F276752C600657E9E /* Setting */ = {
			isa = PBXGroup;
			children = (
				A6CADA50276752E600657E9E /* SettingView.swift */,
			);
			path = Setting;
			sourceTree = "<group>";
		};
		A6DE5BAE2437167C006D3D47 = {
			isa = PBXGroup;
			children = (
				A6DE5BB92437167C006D3D47 /* PiecesOfPaper */,
				A6A16EC325B1673500DF323F /* PiecesOfPaperTests */,
				A6DE5BB82437167C006D3D47 /* Products */,
				A66E7512253531440026B9A8 /* README.md */,
				A66E7513253538E00026B9A8 /* LICENSE.md */,
			);
			sourceTree = "<group>";
		};
		A6DE5BB82437167C006D3D47 /* Products */ = {
			isa = PBXGroup;
			children = (
				A6DE5BB72437167C006D3D47 /* Pieces of Paper.app */,
				A6A16EC225B1673500DF323F /* PiecesOfPaperTests.xctest */,
			);
			name = Products;
			sourceTree = "<group>";
		};
		A6DE5BB92437167C006D3D47 /* PiecesOfPaper */ = {
			isa = PBXGroup;
			children = (
				A62EEAF1273248A300D513B8 /* PiecesOfPaperApp.swift */,
				A6F6ED4A27C77A7500DD3296 /* RootView.swift */,
				A6620E2D274C6E8E00C708A2 /* SideBarListView.swift */,
				A6620E282748A01F00C708A2 /* View */,
				A6620E292748A04D00C708A2 /* ViewModel */,
				A6620E2A2748A05B00C708A2 /* Model */,
				A6DE5BC32437167E006D3D47 /* Assets.xcassets */,
				A6675A37251D89BA00343151 /* Like Paper.entitlements */,
				A6DE5BC82437167E006D3D47 /* Info.plist */,
			);
			path = PiecesOfPaper;
			sourceTree = "<group>";
		};
/* End PBXGroup section */

/* Begin PBXNativeTarget section */
		A6A16EC125B1673500DF323F /* PiecesOfPaperTests */ = {
			isa = PBXNativeTarget;
			buildConfigurationList = A6A16ECB25B1673500DF323F /* Build configuration list for PBXNativeTarget "PiecesOfPaperTests" */;
			buildPhases = (
				A6A16EBE25B1673500DF323F /* Sources */,
				A6A16EBF25B1673500DF323F /* Frameworks */,
				A6A16EC025B1673500DF323F /* Resources */,
			);
			buildRules = (
			);
			dependencies = (
				A6A16EC825B1673500DF323F /* PBXTargetDependency */,
			);
			name = PiecesOfPaperTests;
			productName = PiecesOfPaperTests;
			productReference = A6A16EC225B1673500DF323F /* PiecesOfPaperTests.xctest */;
			productType = "com.apple.product-type.bundle.unit-test";
		};
		A6DE5BB62437167C006D3D47 /* PiecesOfPaper */ = {
			isa = PBXNativeTarget;
			buildConfigurationList = A6DE5BE12437167E006D3D47 /* Build configuration list for PBXNativeTarget "PiecesOfPaper" */;
			buildPhases = (
				A6DE5BB32437167C006D3D47 /* Sources */,
				A6DE5BB42437167C006D3D47 /* Frameworks */,
				A6DE5BB52437167C006D3D47 /* Resources */,
				A64AE9F7275C6F00002C66F7 /* ShellScript */,
			);
			buildRules = (
			);
			dependencies = (
			);
			name = PiecesOfPaper;
			productName = LikeAPaper;
			productReference = A6DE5BB72437167C006D3D47 /* Pieces of Paper.app */;
			productType = "com.apple.product-type.application";
		};
/* End PBXNativeTarget section */

/* Begin PBXProject section */
		A6DE5BAF2437167C006D3D47 /* Project object */ = {
			isa = PBXProject;
			attributes = {
				LastSwiftUpdateCheck = 1230;
				LastUpgradeCheck = 1200;
				ORGANIZATIONNAME = "Tsuyoshi Nakajima";
				TargetAttributes = {
					A6A16EC125B1673500DF323F = {
						CreatedOnToolsVersion = 12.3;
						TestTargetID = A6DE5BB62437167C006D3D47;
					};
					A6DE5BB62437167C006D3D47 = {
						CreatedOnToolsVersion = 11.4;
					};
				};
			};
			buildConfigurationList = A6DE5BB22437167C006D3D47 /* Build configuration list for PBXProject "PiecesOfPaper" */;
			compatibilityVersion = "Xcode 9.3";
			developmentRegion = en;
			hasScannedForEncodings = 0;
			knownRegions = (
				en,
				Base,
			);
			mainGroup = A6DE5BAE2437167C006D3D47;
			productRefGroup = A6DE5BB82437167C006D3D47 /* Products */;
			projectDirPath = "";
			projectRoot = "";
			targets = (
				A6DE5BB62437167C006D3D47 /* PiecesOfPaper */,
				A6A16EC125B1673500DF323F /* PiecesOfPaperTests */,
			);
		};
/* End PBXProject section */

/* Begin PBXResourcesBuildPhase section */
		A6A16EC025B1673500DF323F /* Resources */ = {
			isa = PBXResourcesBuildPhase;
			buildActionMask = 2147483647;
			files = (
			);
			runOnlyForDeploymentPostprocessing = 0;
		};
		A6DE5BB52437167C006D3D47 /* Resources */ = {
			isa = PBXResourcesBuildPhase;
			buildActionMask = 2147483647;
			files = (
				A6DE5BC42437167E006D3D47 /* Assets.xcassets in Resources */,
			);
			runOnlyForDeploymentPostprocessing = 0;
		};
/* End PBXResourcesBuildPhase section */

/* Begin PBXShellScriptBuildPhase section */
		A64AE9F7275C6F00002C66F7 /* ShellScript */ = {
			isa = PBXShellScriptBuildPhase;
			alwaysOutOfDate = 1;
			buildActionMask = 2147483647;
			files = (
			);
			inputFileListPaths = (
			);
			inputPaths = (
			);
			outputFileListPaths = (
			);
			outputPaths = (
			);
			runOnlyForDeploymentPostprocessing = 0;
			shellPath = /bin/sh;
			shellScript = "if test -d /opt/homebrew/bin; then\n    PATH=/opt/homebrew/bin/:$PATH\nfi\n\nif which swiftlint >/dev/null; then\n  swiftlint --fix\n  swiftlint\nelse\n  echo \"warning: Swiftlint not installed, download from https://github.com/realm/SwiftLint\"\nfi\n";
		};
/* End PBXShellScriptBuildPhase section */

/* Begin PBXSourcesBuildPhase section */
		A6A16EBE25B1673500DF323F /* Sources */ = {
			isa = PBXSourcesBuildPhase;
			buildActionMask = 2147483647;
			files = (
				A66205682841E1A1009562EC /* NotesViewModelTest.swift in Sources */,
			);
			runOnlyForDeploymentPostprocessing = 0;
		};
		A6DE5BB32437167C006D3D47 /* Sources */ = {
			isa = PBXSourcesBuildPhase;
			buildActionMask = 2147483647;
			files = (
				A6134B80245C09FC00E5F0FB /* DataModel.swift in Sources */,
				A63C956D275C7CF300822461 /* TagEntity.swift in Sources */,
				A6484FCE272B923B00676ED8 /* CanvasView.swift in Sources */,
				A6620E2C2748ABE400C708A2 /* CanvasViewModel.swift in Sources */,
				A63C9586275DB86600822461 /* AddTagView.swift in Sources */,
				A63C959B2765A5D500822461 /* NoteInformationView.swift in Sources */,
				A64AE9F22759A963002C66F7 /* NoteView.swift in Sources */,
				A6620E3C274CD88000C708A2 /* FilePath.swift in Sources */,
				A64F971C2751CB68001E46B0 /* DrawingsPlistConverter.swift in Sources */,
				A63C9588275DB97900822461 /* DeletableTag.swift in Sources */,
				A6620E3A274C8FA400C708A2 /* NoteDocument.swift in Sources */,
				A63C9593276444CF00822461 /* ListOrder.swift in Sources */,
				A6C8DD092D3CEE5400D7D32F /* Notification+.swift in Sources */,
				A6C8DD072D3CC1E300D7D32F /* ListOrderStore.swift in Sources */,
				A63C95972764589F00822461 /* ListOrderSettingViewModel.swift in Sources */,
				A6CADA51276752E600657E9E /* SettingView.swift in Sources */,
				A63C9590275E111500822461 /* AddTagFooter.swift in Sources */,
				A63C9584275DB67700822461 /* Tag.swift in Sources */,
				A6620E34274C774D00C708A2 /* ScrollButton.swift in Sources */,
				A6F6ED4B27C77A7500DD3296 /* RootView.swift in Sources */,
				A63C9578275C8F4A00822461 /* TagList.swift in Sources */,
				A62EEAF42732517600D513B8 /* NoteViewModel.swift in Sources */,
				A6FD03422D3FAD8600224B03 /* NoteListTagHStack.swift in Sources */,
				A6484FD2272BB5CA00676ED8 /* PKCanvasViewWrapper.swift in Sources */,
				A6484FD4272CF10800676ED8 /* UIActivityViewControllerWrapper.swift in Sources */,
				A6EE43272523271F000B203E /* Document.swift in Sources */,
				A62EEAF2273248A300D513B8 /* PiecesOfPaperApp.swift in Sources */,
				A63C9582275D1C2E00822461 /* TagHStack.swift in Sources */,
				A63C9580275CFF7900822461 /* TagModel.swift in Sources */,
				A63C9595276447BD00822461 /* ListOrderSettingView.swift in Sources */,
				A6620E2E274C6E8E00C708A2 /* SideBarListView.swift in Sources */,
				A6484FD6272E63B000676ED8 /* NoteListView.swift in Sources */,
				A6CADA532767581700657E9E /* SettingViewModel.swift in Sources */,
				A64AE9F4275B203A002C66F7 /* NoteEntity.swift in Sources */,
				A6CADA5527675D8500657E9E /* UserPreference.swift in Sources */,
				A6620E36274C7A3D00C708A2 /* NoteListParentView.swift in Sources */,
				A63C957C275C8FD900822461 /* TagListViewModel.swift in Sources */,
				A63C958A275DDA9E00822461 /* TagListToNoteViewModel.swift in Sources */,
			);
			runOnlyForDeploymentPostprocessing = 0;
		};
/* End PBXSourcesBuildPhase section */

/* Begin PBXTargetDependency section */
		A6A16EC825B1673500DF323F /* PBXTargetDependency */ = {
			isa = PBXTargetDependency;
			target = A6DE5BB62437167C006D3D47 /* PiecesOfPaper */;
			targetProxy = A6A16EC725B1673500DF323F /* PBXContainerItemProxy */;
		};
/* End PBXTargetDependency section */

/* Begin XCBuildConfiguration section */
		A6A16EC925B1673500DF323F /* Debug */ = {
			isa = XCBuildConfiguration;
			buildSettings = {
				BUNDLE_LOADER = "$(TEST_HOST)";
				CODE_SIGN_STYLE = Automatic;
				DEVELOPMENT_TEAM = JDTR4Y333X;
				INFOPLIST_FILE = PiecesOfPaperTests/Info.plist;
				IPHONEOS_DEPLOYMENT_TARGET = 16.0;
				LD_RUNPATH_SEARCH_PATHS = (
					"$(inherited)",
					"@executable_path/Frameworks",
					"@loader_path/Frameworks",
				);
				PRODUCT_BUNDLE_IDENTIFIER = Individual.PiecesOfPaperTests;
				PRODUCT_NAME = "$(TARGET_NAME)";
				SWIFT_VERSION = 5.0;
				TARGETED_DEVICE_FAMILY = "1,2";
				TEST_HOST = "$(BUILT_PRODUCTS_DIR)/Pieces of Paper.app/Pieces of Paper";
			};
			name = Debug;
		};
		A6A16ECA25B1673500DF323F /* Release */ = {
			isa = XCBuildConfiguration;
			buildSettings = {
				BUNDLE_LOADER = "$(TEST_HOST)";
				CODE_SIGN_STYLE = Automatic;
				DEVELOPMENT_TEAM = JDTR4Y333X;
				INFOPLIST_FILE = PiecesOfPaperTests/Info.plist;
				IPHONEOS_DEPLOYMENT_TARGET = 16.0;
				LD_RUNPATH_SEARCH_PATHS = (
					"$(inherited)",
					"@executable_path/Frameworks",
					"@loader_path/Frameworks",
				);
				PRODUCT_BUNDLE_IDENTIFIER = Individual.PiecesOfPaperTests;
				PRODUCT_NAME = "$(TARGET_NAME)";
				SWIFT_VERSION = 5.0;
				TARGETED_DEVICE_FAMILY = "1,2";
				TEST_HOST = "$(BUILT_PRODUCTS_DIR)/Pieces of Paper.app/Pieces of Paper";
			};
			name = Release;
		};
		A6DE5BDF2437167E006D3D47 /* Debug */ = {
			isa = XCBuildConfiguration;
			buildSettings = {
				ALWAYS_SEARCH_USER_PATHS = NO;
				CLANG_ANALYZER_NONNULL = YES;
				CLANG_ANALYZER_NUMBER_OBJECT_CONVERSION = YES_AGGRESSIVE;
				CLANG_CXX_LANGUAGE_STANDARD = "gnu++14";
				CLANG_CXX_LIBRARY = "libc++";
				CLANG_ENABLE_MODULES = YES;
				CLANG_ENABLE_OBJC_ARC = YES;
				CLANG_ENABLE_OBJC_WEAK = YES;
				CLANG_WARN_BLOCK_CAPTURE_AUTORELEASING = YES;
				CLANG_WARN_BOOL_CONVERSION = YES;
				CLANG_WARN_COMMA = YES;
				CLANG_WARN_CONSTANT_CONVERSION = YES;
				CLANG_WARN_DEPRECATED_OBJC_IMPLEMENTATIONS = YES;
				CLANG_WARN_DIRECT_OBJC_ISA_USAGE = YES_ERROR;
				CLANG_WARN_DOCUMENTATION_COMMENTS = YES;
				CLANG_WARN_EMPTY_BODY = YES;
				CLANG_WARN_ENUM_CONVERSION = YES;
				CLANG_WARN_INFINITE_RECURSION = YES;
				CLANG_WARN_INT_CONVERSION = YES;
				CLANG_WARN_NON_LITERAL_NULL_CONVERSION = YES;
				CLANG_WARN_OBJC_IMPLICIT_RETAIN_SELF = YES;
				CLANG_WARN_OBJC_LITERAL_CONVERSION = YES;
				CLANG_WARN_OBJC_ROOT_CLASS = YES_ERROR;
				CLANG_WARN_QUOTED_INCLUDE_IN_FRAMEWORK_HEADER = YES;
				CLANG_WARN_RANGE_LOOP_ANALYSIS = YES;
				CLANG_WARN_STRICT_PROTOTYPES = YES;
				CLANG_WARN_SUSPICIOUS_MOVE = YES;
				CLANG_WARN_UNGUARDED_AVAILABILITY = YES_AGGRESSIVE;
				CLANG_WARN_UNREACHABLE_CODE = YES;
				CLANG_WARN__DUPLICATE_METHOD_MATCH = YES;
				COPY_PHASE_STRIP = NO;
				DEBUG_INFORMATION_FORMAT = dwarf;
				ENABLE_STRICT_OBJC_MSGSEND = YES;
				ENABLE_TESTABILITY = YES;
				GCC_C_LANGUAGE_STANDARD = gnu11;
				GCC_DYNAMIC_NO_PIC = NO;
				GCC_NO_COMMON_BLOCKS = YES;
				GCC_OPTIMIZATION_LEVEL = 0;
				GCC_PREPROCESSOR_DEFINITIONS = (
					"DEBUG=1",
					"$(inherited)",
				);
				GCC_WARN_64_TO_32_BIT_CONVERSION = YES;
				GCC_WARN_ABOUT_RETURN_TYPE = YES_ERROR;
				GCC_WARN_UNDECLARED_SELECTOR = YES;
				GCC_WARN_UNINITIALIZED_AUTOS = YES_AGGRESSIVE;
				GCC_WARN_UNUSED_FUNCTION = YES;
				GCC_WARN_UNUSED_VARIABLE = YES;
				IPHONEOS_DEPLOYMENT_TARGET = 14.0;
				MTL_ENABLE_DEBUG_INFO = INCLUDE_SOURCE;
				MTL_FAST_MATH = YES;
				ONLY_ACTIVE_ARCH = YES;
				SDKROOT = iphoneos;
				SWIFT_ACTIVE_COMPILATION_CONDITIONS = DEBUG;
				SWIFT_OPTIMIZATION_LEVEL = "-Onone";
			};
			name = Debug;
		};
		A6DE5BE02437167E006D3D47 /* Release */ = {
			isa = XCBuildConfiguration;
			buildSettings = {
				ALWAYS_SEARCH_USER_PATHS = NO;
				CLANG_ANALYZER_NONNULL = YES;
				CLANG_ANALYZER_NUMBER_OBJECT_CONVERSION = YES_AGGRESSIVE;
				CLANG_CXX_LANGUAGE_STANDARD = "gnu++14";
				CLANG_CXX_LIBRARY = "libc++";
				CLANG_ENABLE_MODULES = YES;
				CLANG_ENABLE_OBJC_ARC = YES;
				CLANG_ENABLE_OBJC_WEAK = YES;
				CLANG_WARN_BLOCK_CAPTURE_AUTORELEASING = YES;
				CLANG_WARN_BOOL_CONVERSION = YES;
				CLANG_WARN_COMMA = YES;
				CLANG_WARN_CONSTANT_CONVERSION = YES;
				CLANG_WARN_DEPRECATED_OBJC_IMPLEMENTATIONS = YES;
				CLANG_WARN_DIRECT_OBJC_ISA_USAGE = YES_ERROR;
				CLANG_WARN_DOCUMENTATION_COMMENTS = YES;
				CLANG_WARN_EMPTY_BODY = YES;
				CLANG_WARN_ENUM_CONVERSION = YES;
				CLANG_WARN_INFINITE_RECURSION = YES;
				CLANG_WARN_INT_CONVERSION = YES;
				CLANG_WARN_NON_LITERAL_NULL_CONVERSION = YES;
				CLANG_WARN_OBJC_IMPLICIT_RETAIN_SELF = YES;
				CLANG_WARN_OBJC_LITERAL_CONVERSION = YES;
				CLANG_WARN_OBJC_ROOT_CLASS = YES_ERROR;
				CLANG_WARN_QUOTED_INCLUDE_IN_FRAMEWORK_HEADER = YES;
				CLANG_WARN_RANGE_LOOP_ANALYSIS = YES;
				CLANG_WARN_STRICT_PROTOTYPES = YES;
				CLANG_WARN_SUSPICIOUS_MOVE = YES;
				CLANG_WARN_UNGUARDED_AVAILABILITY = YES_AGGRESSIVE;
				CLANG_WARN_UNREACHABLE_CODE = YES;
				CLANG_WARN__DUPLICATE_METHOD_MATCH = YES;
				COPY_PHASE_STRIP = NO;
				DEBUG_INFORMATION_FORMAT = "dwarf-with-dsym";
				ENABLE_NS_ASSERTIONS = NO;
				ENABLE_STRICT_OBJC_MSGSEND = YES;
				GCC_C_LANGUAGE_STANDARD = gnu11;
				GCC_NO_COMMON_BLOCKS = YES;
				GCC_WARN_64_TO_32_BIT_CONVERSION = YES;
				GCC_WARN_ABOUT_RETURN_TYPE = YES_ERROR;
				GCC_WARN_UNDECLARED_SELECTOR = YES;
				GCC_WARN_UNINITIALIZED_AUTOS = YES_AGGRESSIVE;
				GCC_WARN_UNUSED_FUNCTION = YES;
				GCC_WARN_UNUSED_VARIABLE = YES;
				IPHONEOS_DEPLOYMENT_TARGET = 14.0;
				MTL_ENABLE_DEBUG_INFO = NO;
				MTL_FAST_MATH = YES;
				SDKROOT = iphoneos;
				SWIFT_COMPILATION_MODE = wholemodule;
				SWIFT_OPTIMIZATION_LEVEL = "-O";
				VALIDATE_PRODUCT = YES;
			};
			name = Release;
		};
		A6DE5BE22437167E006D3D47 /* Debug */ = {
			isa = XCBuildConfiguration;
			buildSettings = {
				ASSETCATALOG_COMPILER_APPICON_NAME = AppIcon;
				CODE_SIGN_ENTITLEMENTS = "PiecesOfPaper/Like Paper.entitlements";
				CODE_SIGN_STYLE = Automatic;
				CURRENT_PROJECT_VERSION = 14;
				DEVELOPMENT_TEAM = JDTR4Y333X;
				INFOPLIST_FILE = PiecesOfPaper/Info.plist;
				IPHONEOS_DEPLOYMENT_TARGET = 16.0;
				LD_RUNPATH_SEARCH_PATHS = (
					"$(inherited)",
					"@executable_path/Frameworks",
				);
				MARKETING_VERSION = 3.1.0;
				PRODUCT_BUNDLE_IDENTIFIER = Individual.LikeAPaper;
				PRODUCT_NAME = "Pieces of Paper";
				SWIFT_VERSION = 5.0;
				TARGETED_DEVICE_FAMILY = "1,2";
			};
			name = Debug;
		};
		A6DE5BE32437167E006D3D47 /* Release */ = {
			isa = XCBuildConfiguration;
			buildSettings = {
				ASSETCATALOG_COMPILER_APPICON_NAME = AppIcon;
				CODE_SIGN_ENTITLEMENTS = "PiecesOfPaper/Like Paper.entitlements";
				CODE_SIGN_STYLE = Automatic;
				CURRENT_PROJECT_VERSION = 14;
				DEVELOPMENT_TEAM = JDTR4Y333X;
				INFOPLIST_FILE = PiecesOfPaper/Info.plist;
				IPHONEOS_DEPLOYMENT_TARGET = 16.0;
				LD_RUNPATH_SEARCH_PATHS = (
					"$(inherited)",
					"@executable_path/Frameworks",
				);
				MARKETING_VERSION = 3.1.0;
				PRODUCT_BUNDLE_IDENTIFIER = Individual.LikeAPaper;
				PRODUCT_NAME = "Pieces of Paper";
				SWIFT_VERSION = 5.0;
				TARGETED_DEVICE_FAMILY = "1,2";
			};
			name = Release;
		};
/* End XCBuildConfiguration section */

/* Begin XCConfigurationList section */
		A6A16ECB25B1673500DF323F /* Build configuration list for PBXNativeTarget "PiecesOfPaperTests" */ = {
			isa = XCConfigurationList;
			buildConfigurations = (
				A6A16EC925B1673500DF323F /* Debug */,
				A6A16ECA25B1673500DF323F /* Release */,
			);
			defaultConfigurationIsVisible = 0;
			defaultConfigurationName = Release;
		};
		A6DE5BB22437167C006D3D47 /* Build configuration list for PBXProject "PiecesOfPaper" */ = {
			isa = XCConfigurationList;
			buildConfigurations = (
				A6DE5BDF2437167E006D3D47 /* Debug */,
				A6DE5BE02437167E006D3D47 /* Release */,
			);
			defaultConfigurationIsVisible = 0;
			defaultConfigurationName = Release;
		};
		A6DE5BE12437167E006D3D47 /* Build configuration list for PBXNativeTarget "PiecesOfPaper" */ = {
			isa = XCConfigurationList;
			buildConfigurations = (
				A6DE5BE22437167E006D3D47 /* Debug */,
				A6DE5BE32437167E006D3D47 /* Release */,
			);
			defaultConfigurationIsVisible = 0;
			defaultConfigurationName = Release;
		};
/* End XCConfigurationList section */
	};
	rootObject = A6DE5BAF2437167C006D3D47 /* Project object */;
}
